
Microsoft Visual Studio Solution File, Format Version 12.00
# Visual Studio Version 17
VisualStudioVersion = 17.5.002.0
MinimumVisualStudioVersion = 10.0.40219.1
Project("{2150E333-8FDC-42A3-9474-1A3956D46DE8}") = "csharp-prep", "csharp-prep", "{EBD8F135-D4DC-4076-B0B4-3EC0724B5AE5}"
EndProject
Project("{9A19103F-16F7-4668-BE54-9A1E7A4F7556}") = "Prep1", "csharp-prep\Prep1\Prep1.csproj", "{F5BE402C-1BAB-4930-9080-D4DD1C661F6A}"
EndProject
Project("{9A19103F-16F7-4668-BE54-9A1E7A4F7556}") = "Prep2", "csharp-prep\Prep2\Prep2.csproj", "{EB3DDECD-180E-4C4F-B22B-53109935073E}"
EndProject
Project("{9A19103F-16F7-4668-BE54-9A1E7A4F7556}") = "Prep3", "csharp-prep\Prep3\Prep3.csproj", "{8A423B05-1EC9-4CB3-AB8C-6B696CB2F341}"
EndProject
Project("{9A19103F-16F7-4668-BE54-9A1E7A4F7556}") = "Prep4", "csharp-prep\Prep4\Prep4.csproj", "{C5E7FED0-5A2E-449B-B66C-B30E83F4BC6B}"
EndProject
Project("{9A19103F-16F7-4668-BE54-9A1E7A4F7556}") = "Prep5", "csharp-prep\Prep5\Prep5.csproj", "{BD9349B0-82CD-49DE-AB77-3F8EF05BA849}"
EndProject
Project("{2150E333-8FDC-42A3-9474-1A3956D46DE8}") = "final", "final", "{32861793-14D9-443A-84EC-9B86CBAF2787}"
EndProject
Project("{9A19103F-16F7-4668-BE54-9A1E7A4F7556}") = "FinalProject", "final\FinalProject\FinalProject.csproj", "{ABE6F937-DC4D-45AC-8F22-BB25C2E73D7C}"
EndProject
Project("{9A19103F-16F7-4668-BE54-9A1E7A4F7556}") = "Foundation1", "final\Foundation1\Foundation1.csproj", "{F1435D95-F0FD-4927-9B22-AA44DA920328}"
EndProject
Project("{9A19103F-16F7-4668-BE54-9A1E7A4F7556}") = "Foundation2", "final\Foundation2\Foundation2.csproj", "{4F7C10B2-54E1-4567-9D77-D3B515B36149}"
EndProject
Project("{9A19103F-16F7-4668-BE54-9A1E7A4F7556}") = "Foundation3", "final\Foundation3\Foundation3.csproj", "{C7FF258B-FD0C-4E2C-96D0-F97C8D11E042}"
EndProject
Project("{9A19103F-16F7-4668-BE54-9A1E7A4F7556}") = "Foundation4", "final\Foundation4\Foundation4.csproj", "{815DD5D3-748C-4BCD-A5D8-17E2A21D50BA}"
EndProject
Project("{2150E333-8FDC-42A3-9474-1A3956D46DE8}") = "prepare", "prepare", "{6B5C9E2F-5B38-4A26-9F35-64F2391E6096}"
EndProject
Project("{9A19103F-16F7-4668-BE54-9A1E7A4F7556}") = "Learning02", "prepare\Learning02\Learning02.csproj", "{80B592AB-7432-4B2E-B65B-808AA3704071}"
EndProject
Project("{9A19103F-16F7-4668-BE54-9A1E7A4F7556}") = "Learning03", "prepare\Learning03\Learning03.csproj", "{9D35B308-320D-4D7F-AA46-B21610F9B390}"
EndProject
Project("{9A19103F-16F7-4668-BE54-9A1E7A4F7556}") = "Learning04", "prepare\Learning04\Learning04.csproj", "{FCB80F31-AEE8-4B54-9AE8-8EEB057A47A8}"
EndProject
Project("{9A19103F-16F7-4668-BE54-9A1E7A4F7556}") = "Learning05", "prepare\Learning05\Learning05.csproj", "{C2D60336-0398-425A-A2BC-4869000848C0}"
EndProject
Project("{2150E333-8FDC-42A3-9474-1A3956D46DE8}") = "prove", "prove", "{01594ABA-3DBF-48A3-84A4-6700A47BE101}"
EndProject
Project("{9A19103F-16F7-4668-BE54-9A1E7A4F7556}") = "Develop02", "prove\Develop02\Develop02.csproj", "{27ED46D3-026E-4C30-968F-3363EC7F5EAB}"
EndProject
Project("{9A19103F-16F7-4668-BE54-9A1E7A4F7556}") = "Develop03", "prove\Develop03\Develop03.csproj", "{9FE8F57C-8961-4207-AECE-ADC69AFBC0BD}"
EndProject
Project("{9A19103F-16F7-4668-BE54-9A1E7A4F7556}") = "Develop04", "prove\Develop04\Develop04.csproj", "{A2A15B5F-413E-43C0-AF1B-1B7B4F71A375}"
EndProject
Project("{9A19103F-16F7-4668-BE54-9A1E7A4F7556}") = "Develop05", "prove\Develop05\Develop05.csproj", "{C715C1A6-3D7F-43CC-B109-CCE9CF779FFC}"
EndProject
Project("{2150E333-8FDC-42A3-9474-1A3956D46DE8}") = "sandbox", "sandbox", "{81C08E46-F23A-4962-AD5B-96A3610596D1}"
EndProject
Project("{9A19103F-16F7-4668-BE54-9A1E7A4F7556}") = "Sandbox", "sandbox\Sandbox\Sandbox.csproj", "{E25E7812-18A9-4A9D-9001-D94D891C2646}"
EndProject
Global
	GlobalSection(SolutionConfigurationPlatforms) = preSolution
		Debug|Any CPU = Debug|Any CPU
		Release|Any CPU = Release|Any CPU
	EndGlobalSection
	GlobalSection(ProjectConfigurationPlatforms) = postSolution
		{F5BE402C-1BAB-4930-9080-D4DD1C661F6A}.Debug|Any CPU.ActiveCfg = Debug|Any CPU
		{F5BE402C-1BAB-4930-9080-D4DD1C661F6A}.Debug|Any CPU.Build.0 = Debug|Any CPU
		{F5BE402C-1BAB-4930-9080-D4DD1C661F6A}.Release|Any CPU.ActiveCfg = Release|Any CPU
		{F5BE402C-1BAB-4930-9080-D4DD1C661F6A}.Release|Any CPU.Build.0 = Release|Any CPU
		{EB3DDECD-180E-4C4F-B22B-53109935073E}.Debug|Any CPU.ActiveCfg = Debug|Any CPU
		{EB3DDECD-180E-4C4F-B22B-53109935073E}.Debug|Any CPU.Build.0 = Debug|Any CPU
		{EB3DDECD-180E-4C4F-B22B-53109935073E}.Release|Any CPU.ActiveCfg = Release|Any CPU
		{EB3DDECD-180E-4C4F-B22B-53109935073E}.Release|Any CPU.Build.0 = Release|Any CPU
		{8A423B05-1EC9-4CB3-AB8C-6B696CB2F341}.Debug|Any CPU.ActiveCfg = Debug|Any CPU
		{8A423B05-1EC9-4CB3-AB8C-6B696CB2F341}.Debug|Any CPU.Build.0 = Debug|Any CPU
		{8A423B05-1EC9-4CB3-AB8C-6B696CB2F341}.Release|Any CPU.ActiveCfg = Release|Any CPU
		{8A423B05-1EC9-4CB3-AB8C-6B696CB2F341}.Release|Any CPU.Build.0 = Release|Any CPU
		{C5E7FED0-5A2E-449B-B66C-B30E83F4BC6B}.Debug|Any CPU.ActiveCfg = Debug|Any CPU
		{C5E7FED0-5A2E-449B-B66C-B30E83F4BC6B}.Debug|Any CPU.Build.0 = Debug|Any CPU
		{C5E7FED0-5A2E-449B-B66C-B30E83F4BC6B}.Release|Any CPU.ActiveCfg = Release|Any CPU
		{C5E7FED0-5A2E-449B-B66C-B30E83F4BC6B}.Release|Any CPU.Build.0 = Release|Any CPU
		{BD9349B0-82CD-49DE-AB77-3F8EF05BA849}.Debug|Any CPU.ActiveCfg = Debug|Any CPU
		{BD9349B0-82CD-49DE-AB77-3F8EF05BA849}.Debug|Any CPU.Build.0 = Debug|Any CPU
		{BD9349B0-82CD-49DE-AB77-3F8EF05BA849}.Release|Any CPU.ActiveCfg = Release|Any CPU
		{BD9349B0-82CD-49DE-AB77-3F8EF05BA849}.Release|Any CPU.Build.0 = Release|Any CPU
		{ABE6F937-DC4D-45AC-8F22-BB25C2E73D7C}.Debug|Any CPU.ActiveCfg = Debug|Any CPU
		{ABE6F937-DC4D-45AC-8F22-BB25C2E73D7C}.Debug|Any CPU.Build.0 = Debug|Any CPU
		{ABE6F937-DC4D-45AC-8F22-BB25C2E73D7C}.Release|Any CPU.ActiveCfg = Release|Any CPU
		{ABE6F937-DC4D-45AC-8F22-BB25C2E73D7C}.Release|Any CPU.Build.0 = Release|Any CPU
		{F1435D95-F0FD-4927-9B22-AA44DA920328}.Debug|Any CPU.ActiveCfg = Debug|Any CPU
		{F1435D95-F0FD-4927-9B22-AA44DA920328}.Debug|Any CPU.Build.0 = Debug|Any CPU
		{F1435D95-F0FD-4927-9B22-AA44DA920328}.Release|Any CPU.ActiveCfg = Release|Any CPU
		{F1435D95-F0FD-4927-9B22-AA44DA920328}.Release|Any CPU.Build.0 = Release|Any CPU
		{4F7C10B2-54E1-4567-9D77-D3B515B36149}.Debug|Any CPU.ActiveCfg = Debug|Any CPU
		{4F7C10B2-54E1-4567-9D77-D3B515B36149}.Debug|Any CPU.Build.0 = Debug|Any CPU
		{4F7C10B2-54E1-4567-9D77-D3B515B36149}.Release|Any CPU.ActiveCfg = Release|Any CPU
		{4F7C10B2-54E1-4567-9D77-D3B515B36149}.Release|Any CPU.Build.0 = Release|Any CPU
		{C7FF258B-FD0C-4E2C-96D0-F97C8D11E042}.Debug|Any CPU.ActiveCfg = Debug|Any CPU
		{C7FF258B-FD0C-4E2C-96D0-F97C8D11E042}.Debug|Any CPU.Build.0 = Debug|Any CPU
		{C7FF258B-FD0C-4E2C-96D0-F97C8D11E042}.Release|Any CPU.ActiveCfg = Release|Any CPU
		{C7FF258B-FD0C-4E2C-96D0-F97C8D11E042}.Release|Any CPU.Build.0 = Release|Any CPU
		{815DD5D3-748C-4BCD-A5D8-17E2A21D50BA}.Debug|Any CPU.ActiveCfg = Debug|Any CPU
		{815DD5D3-748C-4BCD-A5D8-17E2A21D50BA}.Debug|Any CPU.Build.0 = Debug|Any CPU
		{815DD5D3-748C-4BCD-A5D8-17E2A21D50BA}.Release|Any CPU.ActiveCfg = Release|Any CPU
		{815DD5D3-748C-4BCD-A5D8-17E2A21D50BA}.Release|Any CPU.Build.0 = Release|Any CPU
		{80B592AB-7432-4B2E-B65B-808AA3704071}.Debug|Any CPU.ActiveCfg = Debug|Any CPU
		{80B592AB-7432-4B2E-B65B-808AA3704071}.Debug|Any CPU.Build.0 = Debug|Any CPU
		{80B592AB-7432-4B2E-B65B-808AA3704071}.Release|Any CPU.ActiveCfg = Release|Any CPU
		{80B592AB-7432-4B2E-B65B-808AA3704071}.Release|Any CPU.Build.0 = Release|Any CPU
		{9D35B308-320D-4D7F-AA46-B21610F9B390}.Debug|Any CPU.ActiveCfg = Debug|Any CPU
		{9D35B308-320D-4D7F-AA46-B21610F9B390}.Debug|Any CPU.Build.0 = Debug|Any CPU
		{9D35B308-320D-4D7F-AA46-B21610F9B390}.Release|Any CPU.ActiveCfg = Release|Any CPU
		{9D35B308-320D-4D7F-AA46-B21610F9B390}.Release|Any CPU.Build.0 = Release|Any CPU
		{FCB80F31-AEE8-4B54-9AE8-8EEB057A47A8}.Debug|Any CPU.ActiveCfg = Debug|Any CPU
		{FCB80F31-AEE8-4B54-9AE8-8EEB057A47A8}.Debug|Any CPU.Build.0 = Debug|Any CPU
		{FCB80F31-AEE8-4B54-9AE8-8EEB057A47A8}.Release|Any CPU.ActiveCfg = Release|Any CPU
		{FCB80F31-AEE8-4B54-9AE8-8EEB057A47A8}.Release|Any CPU.Build.0 = Release|Any CPU
		{C2D60336-0398-425A-A2BC-4869000848C0}.Debug|Any CPU.ActiveCfg = Debug|Any CPU
		{C2D60336-0398-425A-A2BC-4869000848C0}.Debug|Any CPU.Build.0 = Debug|Any CPU
		{C2D60336-0398-425A-A2BC-4869000848C0}.Release|Any CPU.ActiveCfg = Release|Any CPU
		{C2D60336-0398-425A-A2BC-4869000848C0}.Release|Any CPU.Build.0 = Release|Any CPU
		{27ED46D3-026E-4C30-968F-3363EC7F5EAB}.Debug|Any CPU.ActiveCfg = Debug|Any CPU
		{27ED46D3-026E-4C30-968F-3363EC7F5EAB}.Debug|Any CPU.Build.0 = Debug|Any CPU
		{27ED46D3-026E-4C30-968F-3363EC7F5EAB}.Release|Any CPU.ActiveCfg = Release|Any CPU
		{27ED46D3-026E-4C30-968F-3363EC7F5EAB}.Release|Any CPU.Build.0 = Release|Any CPU
		{9FE8F57C-8961-4207-AECE-ADC69AFBC0BD}.Debug|Any CPU.ActiveCfg = Debug|Any CPU
		{9FE8F57C-8961-4207-AECE-ADC69AFBC0BD}.Debug|Any CPU.Build.0 = Debug|Any CPU
		{9FE8F57C-8961-4207-AECE-ADC69AFBC0BD}.Release|Any CPU.ActiveCfg = Release|Any CPU
		{9FE8F57C-8961-4207-AECE-ADC69AFBC0BD}.Release|Any CPU.Build.0 = Release|Any CPU
		{A2A15B5F-413E-43C0-AF1B-1B7B4F71A375}.Debug|Any CPU.ActiveCfg = Debug|Any CPU
		{A2A15B5F-413E-43C0-AF1B-1B7B4F71A375}.Debug|Any CPU.Build.0 = Debug|Any CPU
		{A2A15B5F-413E-43C0-AF1B-1B7B4F71A375}.Release|Any CPU.ActiveCfg = Release|Any CPU
		{A2A15B5F-413E-43C0-AF1B-1B7B4F71A375}.Release|Any CPU.Build.0 = Release|Any CPU
		{C715C1A6-3D7F-43CC-B109-CCE9CF779FFC}.Debug|Any CPU.ActiveCfg = Debug|Any CPU
		{C715C1A6-3D7F-43CC-B109-CCE9CF779FFC}.Debug|Any CPU.Build.0 = Debug|Any CPU
		{C715C1A6-3D7F-43CC-B109-CCE9CF779FFC}.Release|Any CPU.ActiveCfg = Release|Any CPU
		{C715C1A6-3D7F-43CC-B109-CCE9CF779FFC}.Release|Any CPU.Build.0 = Release|Any CPU
		{E25E7812-18A9-4A9D-9001-D94D891C2646}.Debug|Any CPU.ActiveCfg = Debug|Any CPU
		{E25E7812-18A9-4A9D-9001-D94D891C2646}.Debug|Any CPU.Build.0 = Debug|Any CPU
		{E25E7812-18A9-4A9D-9001-D94D891C2646}.Release|Any CPU.ActiveCfg = Release|Any CPU
		{E25E7812-18A9-4A9D-9001-D94D891C2646}.Release|Any CPU.Build.0 = Release|Any CPU
	EndGlobalSection
	GlobalSection(SolutionProperties) = preSolution
		HideSolutionNode = FALSE
	EndGlobalSection
	GlobalSection(NestedProjects) = preSolution
		{F5BE402C-1BAB-4930-9080-D4DD1C661F6A} = {EBD8F135-D4DC-4076-B0B4-3EC0724B5AE5}
		{EB3DDECD-180E-4C4F-B22B-53109935073E} = {EBD8F135-D4DC-4076-B0B4-3EC0724B5AE5}
		{8A423B05-1EC9-4CB3-AB8C-6B696CB2F341} = {EBD8F135-D4DC-4076-B0B4-3EC0724B5AE5}
		{C5E7FED0-5A2E-449B-B66C-B30E83F4BC6B} = {EBD8F135-D4DC-4076-B0B4-3EC0724B5AE5}
		{BD9349B0-82CD-49DE-AB77-3F8EF05BA849} = {EBD8F135-D4DC-4076-B0B4-3EC0724B5AE5}
		{ABE6F937-DC4D-45AC-8F22-BB25C2E73D7C} = {32861793-14D9-443A-84EC-9B86CBAF2787}
		{F1435D95-F0FD-4927-9B22-AA44DA920328} = {32861793-14D9-443A-84EC-9B86CBAF2787}
		{4F7C10B2-54E1-4567-9D77-D3B515B36149} = {32861793-14D9-443A-84EC-9B86CBAF2787}
		{C7FF258B-FD0C-4E2C-96D0-F97C8D11E042} = {32861793-14D9-443A-84EC-9B86CBAF2787}
		{815DD5D3-748C-4BCD-A5D8-17E2A21D50BA} = {32861793-14D9-443A-84EC-9B86CBAF2787}
		{80B592AB-7432-4B2E-B65B-808AA3704071} = {6B5C9E2F-5B38-4A26-9F35-64F2391E6096}
		{9D35B308-320D-4D7F-AA46-B21610F9B390} = {6B5C9E2F-5B38-4A26-9F35-64F2391E6096}
		{FCB80F31-AEE8-4B54-9AE8-8EEB057A47A8} = {6B5C9E2F-5B38-4A26-9F35-64F2391E6096}
		{C2D60336-0398-425A-A2BC-4869000848C0} = {6B5C9E2F-5B38-4A26-9F35-64F2391E6096}
		{27ED46D3-026E-4C30-968F-3363EC7F5EAB} = {01594ABA-3DBF-48A3-84A4-6700A47BE101}
		{9FE8F57C-8961-4207-AECE-ADC69AFBC0BD} = {01594ABA-3DBF-48A3-84A4-6700A47BE101}
		{A2A15B5F-413E-43C0-AF1B-1B7B4F71A375} = {01594ABA-3DBF-48A3-84A4-6700A47BE101}
		{C715C1A6-3D7F-43CC-B109-CCE9CF779FFC} = {01594ABA-3DBF-48A3-84A4-6700A47BE101}
		{E25E7812-18A9-4A9D-9001-D94D891C2646} = {81C08E46-F23A-4962-AD5B-96A3610596D1}
	EndGlobalSection
	GlobalSection(ExtensibilityGlobals) = postSolution
		SolutionGuid = {6AEE57EF-5A68-4503-8DA2-DF49B5C03970}
	EndGlobalSection
EndGlobal
